
Microsoft Visual Studio Solution File, Format Version 12.00
# Visual Studio Version 16
VisualStudioVersion = 16.0.30717.126
MinimumVisualStudioVersion = 10.0.40219.1
Project("{FAE04EC0-301F-11D3-BF4B-00C04F79EFBC}") = "Entidades", "Entidades\Entidades.csproj", "{E21D6130-C633-4E4A-900C-575966DF1241}"
EndProject
Project("{E24C65DC-7377-472B-9ABA-BC803B73C61A}") = "Web-Conosud", "Web-Conosud\", "{E9733CDB-3D6F-4A90-AB39-60B9FCB12DF3}"
	ProjectSection(WebsiteProperties) = preProject
		TargetFrameworkMoniker = ".NETFramework,Version%3Dv4.7.2"
		ProjectReferences = "{E21D6130-C633-4E4A-900C-575966DF1241}|Entidades.dll;{DDACB432-E830-4B38-AE60-E9489340C3BB}|ControlsAjaxNotti.dll;"
		Debug.AspNetCompiler.VirtualPath = "/Web-Conosud"
		Debug.AspNetCompiler.PhysicalPath = "Web-Conosud\"
		Debug.AspNetCompiler.TargetPath = "PrecompiledWeb\Web-Conosud\"
		Debug.AspNetCompiler.Updateable = "true"
		Debug.AspNetCompiler.ForceOverwrite = "true"
		Debug.AspNetCompiler.FixedNames = "false"
		Debug.AspNetCompiler.Debug = "True"
		Release.AspNetCompiler.VirtualPath = "/Web-Conosud"
		Release.AspNetCompiler.PhysicalPath = "Web-Conosud\"
		Release.AspNetCompiler.TargetPath = "PrecompiledWeb\Web-Conosud\"
		Release.AspNetCompiler.Updateable = "true"
		Release.AspNetCompiler.ForceOverwrite = "true"
		Release.AspNetCompiler.FixedNames = "false"
		Release.AspNetCompiler.Debug = "False"
		VWDPort = "11798"
		SlnRelativePath = "Web-Conosud\"
	EndProjectSection
EndProject
Project("{FAE04EC0-301F-11D3-BF4B-00C04F79EFBC}") = "ControlsAjaxNotti", "..\..\Common\trunk\ControlAjax\ControlsAjaxNotti.csproj", "{DDACB432-E830-4B38-AE60-E9489340C3BB}"
EndProject
Global
	GlobalSection(SolutionConfigurationPlatforms) = preSolution
		Debug|.NET = Debug|.NET
		Debug|Any CPU = Debug|Any CPU
		Release|.NET = Release|.NET
		Release|Any CPU = Release|Any CPU
	EndGlobalSection
	GlobalSection(ProjectConfigurationPlatforms) = postSolution
		{E21D6130-C633-4E4A-900C-575966DF1241}.Debug|.NET.ActiveCfg = Debug|Any CPU
		{E21D6130-C633-4E4A-900C-575966DF1241}.Debug|Any CPU.ActiveCfg = Debug|Any CPU
		{E21D6130-C633-4E4A-900C-575966DF1241}.Debug|Any CPU.Build.0 = Debug|Any CPU
		{E21D6130-C633-4E4A-900C-575966DF1241}.Release|.NET.ActiveCfg = Release|Any CPU
		{E21D6130-C633-4E4A-900C-575966DF1241}.Release|Any CPU.ActiveCfg = Release|Any CPU
		{E21D6130-C633-4E4A-900C-575966DF1241}.Release|Any CPU.Build.0 = Release|Any CPU
		{E9733CDB-3D6F-4A90-AB39-60B9FCB12DF3}.Debug|.NET.ActiveCfg = Debug|Any CPU
		{E9733CDB-3D6F-4A90-AB39-60B9FCB12DF3}.Debug|Any CPU.ActiveCfg = Debug|Any CPU
		{E9733CDB-3D6F-4A90-AB39-60B9FCB12DF3}.Debug|Any CPU.Build.0 = Debug|Any CPU
		{E9733CDB-3D6F-4A90-AB39-60B9FCB12DF3}.Release|.NET.ActiveCfg = Debug|Any CPU
		{E9733CDB-3D6F-4A90-AB39-60B9FCB12DF3}.Release|Any CPU.ActiveCfg = Debug|Any CPU
		{E9733CDB-3D6F-4A90-AB39-60B9FCB12DF3}.Release|Any CPU.Build.0 = Debug|Any CPU
		{DDACB432-E830-4B38-AE60-E9489340C3BB}.Debug|.NET.ActiveCfg = Debug|Any CPU
		{DDACB432-E830-4B38-AE60-E9489340C3BB}.Debug|Any CPU.ActiveCfg = Debug|Any CPU
		{DDACB432-E830-4B38-AE60-E9489340C3BB}.Debug|Any CPU.Build.0 = Debug|Any CPU
		{DDACB432-E830-4B38-AE60-E9489340C3BB}.Release|.NET.ActiveCfg = Release|Any CPU
		{DDACB432-E830-4B38-AE60-E9489340C3BB}.Release|Any CPU.ActiveCfg = Release|Any CPU
		{DDACB432-E830-4B38-AE60-E9489340C3BB}.Release|Any CPU.Build.0 = Release|Any CPU
	EndGlobalSection
	GlobalSection(SolutionProperties) = preSolution
		HideSolutionNode = FALSE
	EndGlobalSection
	GlobalSection(ExtensibilityGlobals) = postSolution
		SolutionGuid = {38858A92-751E-401C-A53F-ECA6EE09E225}
	EndGlobalSection
EndGlobal
